
Microsoft Visual Studio Solution File, Format Version 12.00
# Visual Studio Version 17
VisualStudioVersion = 17.14.36408.4
MinimumVisualStudioVersion = 10.0.40219.1
Project("{FAE04EC0-301F-11D3-BF4B-00C04F79EFBC}") = "Aro.Admin.Presentation.UI", "Aro.Admin.Presentation.UI\Aro.Admin.Presentation.UI.csproj", "{F693B68F-0945-D173-E0A4-FBA56B8D7BDD}"
EndProject
Global
	GlobalSection(SolutionConfigurationPlatforms) = preSolution
		Debug|Any CPU = Debug|Any CPU
		Release|Any CPU = Release|Any CPU
	EndGlobalSection
	GlobalSection(ProjectConfigurationPlatforms) = postSolution
		{F693B68F-0945-D173-E0A4-FBA56B8D7BDD}.Debug|Any CPU.ActiveCfg = Debug|Any CPU
		{F693B68F-0945-D173-E0A4-FBA56B8D7BDD}.Debug|Any CPU.Build.0 = Debug|Any CPU
		{F693B68F-0945-D173-E0A4-FBA56B8D7BDD}.Release|Any CPU.ActiveCfg = Release|Any CPU
		{F693B68F-0945-D173-E0A4-FBA56B8D7BDD}.Release|Any CPU.Build.0 = Release|Any CPU
	EndGlobalSection
	GlobalSection(SolutionProperties) = preSolution
		HideSolutionNode = FALSE
	EndGlobalSection
	GlobalSection(ExtensibilityGlobals) = postSolution
		SolutionGuid = {0442EB60-2314-4BD4-AEE4-BE01495B161E}
	EndGlobalSection
EndGlobal
