
Microsoft Visual Studio Solution File, Format Version 12.00
# Visual Studio Version 17
VisualStudioVersion = 17.14.36408.4
MinimumVisualStudioVersion = 10.0.40219.1
Project("{2150E333-8FDC-42A3-9474-1A3956D46DE8}") = "Domain", "Domain", "{02EA681E-C7D8-13C7-8484-4AC65E1B71E8}"
EndProject
Project("{2150E333-8FDC-42A3-9474-1A3956D46DE8}") = "Application", "Application", "{A7E8652D-5871-482F-B1FA-98F262D57CC2}"
EndProject
Project("{2150E333-8FDC-42A3-9474-1A3956D46DE8}") = "Infrastructure", "Infrastructure", "{849EFA24-E4B7-4F6F-ADEF-E24F30CA06CF}"
EndProject
Project("{2150E333-8FDC-42A3-9474-1A3956D46DE8}") = "Presentation", "Presentation", "{055BFB8C-CC17-4E12-8C97-0D0AD7603F58}"
EndProject
Project("{FAE04EC0-301F-11D3-BF4B-00C04F79EFBC}") = "Aro.Admin.Application.Mediator", "Aro.Admin.Application.Mediator\Aro.Admin.Application.Mediator.csproj", "{E3D03199-25F3-C8D1-4AA4-AD546D6583EA}"
EndProject
Project("{FAE04EC0-301F-11D3-BF4B-00C04F79EFBC}") = "Aro.Admin.Application.Services", "Aro.Admin.Application.Services\Aro.Admin.Application.Services.csproj", "{A20F48FB-6EBE-529B-7D83-91449C5AABF8}"
EndProject
Project("{FAE04EC0-301F-11D3-BF4B-00C04F79EFBC}") = "Aro.Admin.Domain.Entities", "Aro.Admin.Domain.Entities\Aro.Admin.Domain.Entities.csproj", "{BB7BA08A-8FB5-6628-7FDC-52C064744EB5}"
EndProject
Project("{FAE04EC0-301F-11D3-BF4B-00C04F79EFBC}") = "Aro.Admin.Infrastructure.Repository", "Aro.Admin.Infrastructure.Repository\Aro.Admin.Infrastructure.Repository.csproj", "{DD655EF8-0263-4F17-86ED-E1F54AE8C0FE}"
EndProject
Project("{FAE04EC0-301F-11D3-BF4B-00C04F79EFBC}") = "Aro.Admin.Presentation.Entry", "Aro.Admin.Presentation.Entry\Aro.Admin.Presentation.Entry.csproj", "{82264F7F-9977-4F67-AC14-44AE064AE89B}"
EndProject
Project("{FAE04EC0-301F-11D3-BF4B-00C04F79EFBC}") = "Aro.Admin.Infrastructure.Services", "Aro.Admin.Infrastructure.Services\Aro.Admin.Infrastructure.Services.csproj", "{6A712BDA-24D4-4CFF-8C15-8D4B08A9F7EB}"
EndProject
Project("{FAE04EC0-301F-11D3-BF4B-00C04F79EFBC}") = "Aro.Admin.Domain.Shared", "Aro.Admin.Domain.Shared\Aro.Admin.Domain.Shared.csproj", "{557F215C-259C-4AF0-A8E3-3EAE3B3BC751}"
EndProject
Project("{FAE04EC0-301F-11D3-BF4B-00C04F79EFBC}") = "Aro.Admin.Presentation.Api", "Aro.Admin.Presentation.Api\Aro.Admin.Presentation.Api.csproj", "{23B8FB21-CAF5-4618-B43C-5BB4A3539FD5}"
EndProject
Project("{FAE04EC0-301F-11D3-BF4B-00C04F79EFBC}") = "Aro.Admin.Application.Shared", "Aro.Admin.Application.Shared\Aro.Admin.Application.Shared.csproj", "{99634C81-7A5D-40A6-8A2F-DAE615E76705}"
EndProject
Project("{2150E333-8FDC-42A3-9474-1A3956D46DE8}") = "Tests", "Tests", "{A0786A37-41C5-4908-A640-70F7CE76BD5B}"
EndProject
Project("{FAE04EC0-301F-11D3-BF4B-00C04F79EFBC}") = "Aro.Admin.Tests.Common", "Aro.Admin.Tests.Common\Aro.Admin.Tests.Common.csproj", "{EF7AFB83-AC49-400F-B967-8A363109A0D4}"
EndProject
Project("{FAE04EC0-301F-11D3-BF4B-00C04F79EFBC}") = "Aro.Admin.Infrastructure.Repository.Tests", "Aro.Admin.Infrastructure.Repository.Tests\Aro.Admin.Infrastructure.Repository.Tests.csproj", "{09C86BA9-3683-4A89-AAB0-F91679759E09}"
EndProject
Project("{FAE04EC0-301F-11D3-BF4B-00C04F79EFBC}") = "Aro.Admin.Infrastructure.Services.Tests", "Aro.Admin.Infrastructure.Services.Tests\Aro.Admin.Infrastructure.Services.Tests.csproj", "{9F63C007-1433-43D7-8995-602BE6681EDC}"
EndProject
Project("{FAE04EC0-301F-11D3-BF4B-00C04F79EFBC}") = "Aro.Admin.Domain.Shared.Tests", "Aro.Admin.Domain.Shared.Tests\Aro.Admin.Domain.Shared.Tests.csproj", "{5D6AABA7-12D4-4528-82D8-892A99C90D37}"
EndProject
Project("{2150E333-8FDC-42A3-9474-1A3956D46DE8}") = "Common", "Common", "{DCA12E25-68D8-46A1-8ACB-57B83908BEDA}"
EndProject
Project("{2150E333-8FDC-42A3-9474-1A3956D46DE8}") = "Domain", "Domain", "{BB96D250-FC1D-45E4-AE0C-5BEAE7BF4BFA}"
EndProject
Project("{2150E333-8FDC-42A3-9474-1A3956D46DE8}") = "Application", "Application", "{1884E111-EF37-4680-A52B-6DEF3E4778C6}"
EndProject
Project("{2150E333-8FDC-42A3-9474-1A3956D46DE8}") = "Infrastructure", "Infrastructure", "{2C46A650-19DC-4A46-BC3C-93F6494918AB}"
EndProject
Project("{2150E333-8FDC-42A3-9474-1A3956D46DE8}") = "Booking", "Booking", "{545E6599-BDE5-4A98-BC1A-B79082801F33}"
EndProject
Project("{2150E333-8FDC-42A3-9474-1A3956D46DE8}") = "Domain", "Domain", "{45725363-90B8-4BF1-BA8C-AFE07244401E}"
EndProject
Project("{2150E333-8FDC-42A3-9474-1A3956D46DE8}") = "Application", "Application", "{FF83E17C-0E33-4099-88D3-D42226F044C8}"
EndProject
Project("{2150E333-8FDC-42A3-9474-1A3956D46DE8}") = "Infrastructure", "Infrastructure", "{022DDEAD-E665-4644-9965-CFAE467C397E}"
EndProject
Project("{2150E333-8FDC-42A3-9474-1A3956D46DE8}") = "Admin", "Admin", "{421FC96F-7CCC-4AC2-BA7A-AF04AC735FF5}"
EndProject
Project("{FAE04EC0-301F-11D3-BF4B-00C04F79EFBC}") = "Aro.Common.Domain.Entities", "Aro.Common.Domain.Entities\Aro.Common.Domain.Entities.csproj", "{C5CFFB51-0D8A-AA00-6CCB-97B82D5072BE}"
EndProject
Project("{FAE04EC0-301F-11D3-BF4B-00C04F79EFBC}") = "Aro.Booking.Domain.Entities", "Aro.Booking.Domain.Entities\Aro.Booking.Domain.Entities.csproj", "{9415676C-94EF-4D2D-BDD1-BAC9D117094F}"
EndProject
Project("{FAE04EC0-301F-11D3-BF4B-00C04F79EFBC}") = "Aro.Common.Application.Repository", "Aro.Common.Application.Repository\Aro.Common.Application.Repository.csproj", "{EB7AF607-84D2-4F38-8EE1-3A8E45BDD2C0}"
EndProject
Project("{FAE04EC0-301F-11D3-BF4B-00C04F79EFBC}") = "Aro.Admin.Application.Repository", "Aro.Admin.Application.Repository\Aro.Admin.Application.Repository.csproj", "{516F8A12-F875-4EF4-9354-588DFF1C5D2F}"
EndProject
Project("{FAE04EC0-301F-11D3-BF4B-00C04F79EFBC}") = "Aro.Booking.Application.Repository", "Aro.Booking.Application.Repository\Aro.Booking.Application.Repository.csproj", "{0456BF04-C9DF-47B9-A6DD-C600313154CF}"
EndProject
Project("{FAE04EC0-301F-11D3-BF4B-00C04F79EFBC}") = "Aro.Booking.Application.Services", "Aro.Booking.Application.Services\Aro.Booking.Application.Services.csproj", "{F12C5419-0C52-4F3C-882F-6A1178346BAE}"
EndProject
Project("{FAE04EC0-301F-11D3-BF4B-00C04F79EFBC}") = "Aro.Common.Application.Services", "Aro.Common.Application.Services\Aro.Common.Application.Services.csproj", "{1510DE7E-9613-4ACE-8D01-5CF85AF5E429}"
EndProject
Project("{FAE04EC0-301F-11D3-BF4B-00C04F79EFBC}") = "Aro.Common.Application.Mediator", "Aro.Common.Application.Mediator\Aro.Common.Application.Mediator.csproj", "{1E07642A-9B81-499F-A1B6-B35F5902B685}"
EndProject
Project("{FAE04EC0-301F-11D3-BF4B-00C04F79EFBC}") = "Aro.Booking.Application.Mediator", "Aro.Booking.Application.Mediator\Aro.Booking.Application.Mediator.csproj", "{1AB08FC0-3037-4CF4-AFA9-8ED874B0614A}"
EndProject
Project("{FAE04EC0-301F-11D3-BF4B-00C04F79EFBC}") = "Aro.Common.Domain.Shared", "Aro.Common.Domain.Shared\Aro.Common.Domain.Shared.csproj", "{2FFE1FCB-C6D8-4620-B6A1-6063C789E78E}"
EndProject
Project("{FAE04EC0-301F-11D3-BF4B-00C04F79EFBC}") = "Aro.Booking.Infrastructure.Services", "Aro.Booking.Infrastructure.Services\Aro.Booking.Infrastructure.Services.csproj", "{3E2D76EA-5BB2-4EB6-8E00-F4BFED11A139}"
EndProject
Project("{FAE04EC0-301F-11D3-BF4B-00C04F79EFBC}") = "Aro.Common.Infrastructure.Services", "Aro.Common.Infrastructure.Services\Aro.Common.Infrastructure.Services.csproj", "{68A89E7A-B73F-4245-AA35-0B06FE4AE8D9}"
EndProject
Project("{FAE04EC0-301F-11D3-BF4B-00C04F79EFBC}") = "Aro.Common.Infrastructure.Repository", "Aro.Common.Infrastructure.Repository\Aro.Common.Infrastructure.Repository.csproj", "{17C582EE-2744-4CD8-AED9-98C62D8C3592}"
EndProject
Project("{FAE04EC0-301F-11D3-BF4B-00C04F79EFBC}") = "Aro.Booking.Infrastructure.Repository", "Aro.Booking.Infrastructure.Repository\Aro.Booking.Infrastructure.Repository.csproj", "{6EB7B7ED-A56A-44DE-8EF9-40509264B434}"
EndProject
Project("{FAE04EC0-301F-11D3-BF4B-00C04F79EFBC}") = "Aro.Booking.Domain.Shared", "Aro.Booking.Domain.Shared\Aro.Booking.Domain.Shared.csproj", "{F46DF5D9-B7DF-4C17-B768-28DF4046855A}"
EndProject
Project("{FAE04EC0-301F-11D3-BF4B-00C04F79EFBC}") = "Aro.Common.Infrastructure.Shared", "Aro.Common.Infrastructure.Shared\Aro.Common.Infrastructure.Shared.csproj", "{1B5D0C31-D303-40B3-856F-14EA1EA89AEA}"
EndProject
Project("{2150E333-8FDC-42A3-9474-1A3956D46DE8}") = "Presentation", "Presentation", "{21685F1A-2F96-420B-A206-A93422DF7D18}"
EndProject
Project("{FAE04EC0-301F-11D3-BF4B-00C04F79EFBC}") = "Aro.Common.Presentation.Shared", "Aro.Common.Presentation.Shared\Aro.Common.Presentation.Shared.csproj", "{A3A021E5-33EF-4089-9F69-A712BDCF36A7}"
EndProject
Project("{2150E333-8FDC-42A3-9474-1A3956D46DE8}") = "Presentation", "Presentation", "{981E227B-60A8-4A7B-984F-95F581E6C44B}"
EndProject
Project("{FAE04EC0-301F-11D3-BF4B-00C04F79EFBC}") = "Aro.Booking.Presentation.Api", "Aro.Booking.Presentation.Api\Aro.Booking.Presentation.Api.csproj", "{545E3FB8-9EF8-431B-A325-BF4806A479AC}"
EndProject
Project("{2150E333-8FDC-42A3-9474-1A3956D46DE8}") = "Gateways", "Gateways", "{18C0CA42-77B1-4811-8524-1D5D5092668D}"
EndProject
Project("{2150E333-8FDC-42A3-9474-1A3956D46DE8}") = "API", "API", "{E861AF9C-8A36-4188-B1EA-EF43445C8712}"
EndProject
Project("{FAE04EC0-301F-11D3-BF4B-00C04F79EFBC}") = "Aro.Common.Presentation.Api", "Aro.Common.Presentation.Api\Aro.Common.Presentation.Api.csproj", "{98C621E5-12B2-407C-8C32-A09923EA1677}"
EndProject
Project("{2150E333-8FDC-42A3-9474-1A3956D46DE8}") = "Solution Items", "Solution Items", "{8EC462FD-D22E-90A8-E5CE-7E832BA40C5D}"
	ProjectSection(SolutionItems) = preProject
		Directory.Build.props = Directory.Build.props
	EndProjectSection
EndProject
Global
	GlobalSection(SolutionConfigurationPlatforms) = preSolution
		Debug|Any CPU = Debug|Any CPU
		Release|Any CPU = Release|Any CPU
	EndGlobalSection
	GlobalSection(ProjectConfigurationPlatforms) = postSolution
		{E3D03199-25F3-C8D1-4AA4-AD546D6583EA}.Debug|Any CPU.ActiveCfg = Debug|Any CPU
		{E3D03199-25F3-C8D1-4AA4-AD546D6583EA}.Debug|Any CPU.Build.0 = Debug|Any CPU
		{E3D03199-25F3-C8D1-4AA4-AD546D6583EA}.Release|Any CPU.ActiveCfg = Release|Any CPU
		{E3D03199-25F3-C8D1-4AA4-AD546D6583EA}.Release|Any CPU.Build.0 = Release|Any CPU
		{A20F48FB-6EBE-529B-7D83-91449C5AABF8}.Debug|Any CPU.ActiveCfg = Debug|Any CPU
		{A20F48FB-6EBE-529B-7D83-91449C5AABF8}.Debug|Any CPU.Build.0 = Debug|Any CPU
		{A20F48FB-6EBE-529B-7D83-91449C5AABF8}.Release|Any CPU.ActiveCfg = Release|Any CPU
		{A20F48FB-6EBE-529B-7D83-91449C5AABF8}.Release|Any CPU.Build.0 = Release|Any CPU
		{BB7BA08A-8FB5-6628-7FDC-52C064744EB5}.Debug|Any CPU.ActiveCfg = Debug|Any CPU
		{BB7BA08A-8FB5-6628-7FDC-52C064744EB5}.Debug|Any CPU.Build.0 = Debug|Any CPU
		{BB7BA08A-8FB5-6628-7FDC-52C064744EB5}.Release|Any CPU.ActiveCfg = Release|Any CPU
		{BB7BA08A-8FB5-6628-7FDC-52C064744EB5}.Release|Any CPU.Build.0 = Release|Any CPU
		{DD655EF8-0263-4F17-86ED-E1F54AE8C0FE}.Debug|Any CPU.ActiveCfg = Debug|Any CPU
		{DD655EF8-0263-4F17-86ED-E1F54AE8C0FE}.Debug|Any CPU.Build.0 = Debug|Any CPU
		{DD655EF8-0263-4F17-86ED-E1F54AE8C0FE}.Release|Any CPU.ActiveCfg = Release|Any CPU
		{DD655EF8-0263-4F17-86ED-E1F54AE8C0FE}.Release|Any CPU.Build.0 = Release|Any CPU
		{82264F7F-9977-4F67-AC14-44AE064AE89B}.Debug|Any CPU.ActiveCfg = Debug|Any CPU
		{82264F7F-9977-4F67-AC14-44AE064AE89B}.Debug|Any CPU.Build.0 = Debug|Any CPU
		{82264F7F-9977-4F67-AC14-44AE064AE89B}.Release|Any CPU.ActiveCfg = Release|Any CPU
		{82264F7F-9977-4F67-AC14-44AE064AE89B}.Release|Any CPU.Build.0 = Release|Any CPU
		{6A712BDA-24D4-4CFF-8C15-8D4B08A9F7EB}.Debug|Any CPU.ActiveCfg = Debug|Any CPU
		{6A712BDA-24D4-4CFF-8C15-8D4B08A9F7EB}.Debug|Any CPU.Build.0 = Debug|Any CPU
		{6A712BDA-24D4-4CFF-8C15-8D4B08A9F7EB}.Release|Any CPU.ActiveCfg = Release|Any CPU
		{6A712BDA-24D4-4CFF-8C15-8D4B08A9F7EB}.Release|Any CPU.Build.0 = Release|Any CPU
		{557F215C-259C-4AF0-A8E3-3EAE3B3BC751}.Debug|Any CPU.ActiveCfg = Debug|Any CPU
		{557F215C-259C-4AF0-A8E3-3EAE3B3BC751}.Debug|Any CPU.Build.0 = Debug|Any CPU
		{557F215C-259C-4AF0-A8E3-3EAE3B3BC751}.Release|Any CPU.ActiveCfg = Release|Any CPU
		{557F215C-259C-4AF0-A8E3-3EAE3B3BC751}.Release|Any CPU.Build.0 = Release|Any CPU
		{23B8FB21-CAF5-4618-B43C-5BB4A3539FD5}.Debug|Any CPU.ActiveCfg = Debug|Any CPU
		{23B8FB21-CAF5-4618-B43C-5BB4A3539FD5}.Debug|Any CPU.Build.0 = Debug|Any CPU
		{23B8FB21-CAF5-4618-B43C-5BB4A3539FD5}.Release|Any CPU.ActiveCfg = Release|Any CPU
		{23B8FB21-CAF5-4618-B43C-5BB4A3539FD5}.Release|Any CPU.Build.0 = Release|Any CPU
		{99634C81-7A5D-40A6-8A2F-DAE615E76705}.Debug|Any CPU.ActiveCfg = Debug|Any CPU
		{99634C81-7A5D-40A6-8A2F-DAE615E76705}.Debug|Any CPU.Build.0 = Debug|Any CPU
		{99634C81-7A5D-40A6-8A2F-DAE615E76705}.Release|Any CPU.ActiveCfg = Release|Any CPU
		{99634C81-7A5D-40A6-8A2F-DAE615E76705}.Release|Any CPU.Build.0 = Release|Any CPU
		{EF7AFB83-AC49-400F-B967-8A363109A0D4}.Debug|Any CPU.ActiveCfg = Debug|Any CPU
		{EF7AFB83-AC49-400F-B967-8A363109A0D4}.Debug|Any CPU.Build.0 = Debug|Any CPU
		{EF7AFB83-AC49-400F-B967-8A363109A0D4}.Release|Any CPU.ActiveCfg = Release|Any CPU
		{EF7AFB83-AC49-400F-B967-8A363109A0D4}.Release|Any CPU.Build.0 = Release|Any CPU
		{09C86BA9-3683-4A89-AAB0-F91679759E09}.Debug|Any CPU.ActiveCfg = Debug|Any CPU
		{09C86BA9-3683-4A89-AAB0-F91679759E09}.Debug|Any CPU.Build.0 = Debug|Any CPU
		{09C86BA9-3683-4A89-AAB0-F91679759E09}.Release|Any CPU.ActiveCfg = Release|Any CPU
		{09C86BA9-3683-4A89-AAB0-F91679759E09}.Release|Any CPU.Build.0 = Release|Any CPU
		{9F63C007-1433-43D7-8995-602BE6681EDC}.Debug|Any CPU.ActiveCfg = Debug|Any CPU
		{9F63C007-1433-43D7-8995-602BE6681EDC}.Debug|Any CPU.Build.0 = Debug|Any CPU
		{9F63C007-1433-43D7-8995-602BE6681EDC}.Release|Any CPU.ActiveCfg = Release|Any CPU
		{9F63C007-1433-43D7-8995-602BE6681EDC}.Release|Any CPU.Build.0 = Release|Any CPU
		{5D6AABA7-12D4-4528-82D8-892A99C90D37}.Debug|Any CPU.ActiveCfg = Debug|Any CPU
		{5D6AABA7-12D4-4528-82D8-892A99C90D37}.Debug|Any CPU.Build.0 = Debug|Any CPU
		{5D6AABA7-12D4-4528-82D8-892A99C90D37}.Release|Any CPU.ActiveCfg = Release|Any CPU
		{5D6AABA7-12D4-4528-82D8-892A99C90D37}.Release|Any CPU.Build.0 = Release|Any CPU
		{C5CFFB51-0D8A-AA00-6CCB-97B82D5072BE}.Debug|Any CPU.ActiveCfg = Debug|Any CPU
		{C5CFFB51-0D8A-AA00-6CCB-97B82D5072BE}.Debug|Any CPU.Build.0 = Debug|Any CPU
		{C5CFFB51-0D8A-AA00-6CCB-97B82D5072BE}.Release|Any CPU.ActiveCfg = Release|Any CPU
		{C5CFFB51-0D8A-AA00-6CCB-97B82D5072BE}.Release|Any CPU.Build.0 = Release|Any CPU
		{9415676C-94EF-4D2D-BDD1-BAC9D117094F}.Debug|Any CPU.ActiveCfg = Debug|Any CPU
		{9415676C-94EF-4D2D-BDD1-BAC9D117094F}.Debug|Any CPU.Build.0 = Debug|Any CPU
		{9415676C-94EF-4D2D-BDD1-BAC9D117094F}.Release|Any CPU.ActiveCfg = Release|Any CPU
		{9415676C-94EF-4D2D-BDD1-BAC9D117094F}.Release|Any CPU.Build.0 = Release|Any CPU
		{EB7AF607-84D2-4F38-8EE1-3A8E45BDD2C0}.Debug|Any CPU.ActiveCfg = Debug|Any CPU
		{EB7AF607-84D2-4F38-8EE1-3A8E45BDD2C0}.Debug|Any CPU.Build.0 = Debug|Any CPU
		{EB7AF607-84D2-4F38-8EE1-3A8E45BDD2C0}.Release|Any CPU.ActiveCfg = Release|Any CPU
		{EB7AF607-84D2-4F38-8EE1-3A8E45BDD2C0}.Release|Any CPU.Build.0 = Release|Any CPU
		{516F8A12-F875-4EF4-9354-588DFF1C5D2F}.Debug|Any CPU.ActiveCfg = Debug|Any CPU
		{516F8A12-F875-4EF4-9354-588DFF1C5D2F}.Debug|Any CPU.Build.0 = Debug|Any CPU
		{516F8A12-F875-4EF4-9354-588DFF1C5D2F}.Release|Any CPU.ActiveCfg = Release|Any CPU
		{516F8A12-F875-4EF4-9354-588DFF1C5D2F}.Release|Any CPU.Build.0 = Release|Any CPU
		{0456BF04-C9DF-47B9-A6DD-C600313154CF}.Debug|Any CPU.ActiveCfg = Debug|Any CPU
		{0456BF04-C9DF-47B9-A6DD-C600313154CF}.Debug|Any CPU.Build.0 = Debug|Any CPU
		{0456BF04-C9DF-47B9-A6DD-C600313154CF}.Release|Any CPU.ActiveCfg = Release|Any CPU
		{0456BF04-C9DF-47B9-A6DD-C600313154CF}.Release|Any CPU.Build.0 = Release|Any CPU
		{F12C5419-0C52-4F3C-882F-6A1178346BAE}.Debug|Any CPU.ActiveCfg = Debug|Any CPU
		{F12C5419-0C52-4F3C-882F-6A1178346BAE}.Debug|Any CPU.Build.0 = Debug|Any CPU
		{F12C5419-0C52-4F3C-882F-6A1178346BAE}.Release|Any CPU.ActiveCfg = Release|Any CPU
		{F12C5419-0C52-4F3C-882F-6A1178346BAE}.Release|Any CPU.Build.0 = Release|Any CPU
		{1510DE7E-9613-4ACE-8D01-5CF85AF5E429}.Debug|Any CPU.ActiveCfg = Debug|Any CPU
		{1510DE7E-9613-4ACE-8D01-5CF85AF5E429}.Debug|Any CPU.Build.0 = Debug|Any CPU
		{1510DE7E-9613-4ACE-8D01-5CF85AF5E429}.Release|Any CPU.ActiveCfg = Release|Any CPU
		{1510DE7E-9613-4ACE-8D01-5CF85AF5E429}.Release|Any CPU.Build.0 = Release|Any CPU
		{1E07642A-9B81-499F-A1B6-B35F5902B685}.Debug|Any CPU.ActiveCfg = Debug|Any CPU
		{1E07642A-9B81-499F-A1B6-B35F5902B685}.Debug|Any CPU.Build.0 = Debug|Any CPU
		{1E07642A-9B81-499F-A1B6-B35F5902B685}.Release|Any CPU.ActiveCfg = Release|Any CPU
		{1E07642A-9B81-499F-A1B6-B35F5902B685}.Release|Any CPU.Build.0 = Release|Any CPU
		{1AB08FC0-3037-4CF4-AFA9-8ED874B0614A}.Debug|Any CPU.ActiveCfg = Debug|Any CPU
		{1AB08FC0-3037-4CF4-AFA9-8ED874B0614A}.Debug|Any CPU.Build.0 = Debug|Any CPU
		{1AB08FC0-3037-4CF4-AFA9-8ED874B0614A}.Release|Any CPU.ActiveCfg = Release|Any CPU
		{1AB08FC0-3037-4CF4-AFA9-8ED874B0614A}.Release|Any CPU.Build.0 = Release|Any CPU
		{2FFE1FCB-C6D8-4620-B6A1-6063C789E78E}.Debug|Any CPU.ActiveCfg = Debug|Any CPU
		{2FFE1FCB-C6D8-4620-B6A1-6063C789E78E}.Debug|Any CPU.Build.0 = Debug|Any CPU
		{2FFE1FCB-C6D8-4620-B6A1-6063C789E78E}.Release|Any CPU.ActiveCfg = Release|Any CPU
		{2FFE1FCB-C6D8-4620-B6A1-6063C789E78E}.Release|Any CPU.Build.0 = Release|Any CPU
		{3E2D76EA-5BB2-4EB6-8E00-F4BFED11A139}.Debug|Any CPU.ActiveCfg = Debug|Any CPU
		{3E2D76EA-5BB2-4EB6-8E00-F4BFED11A139}.Debug|Any CPU.Build.0 = Debug|Any CPU
		{3E2D76EA-5BB2-4EB6-8E00-F4BFED11A139}.Release|Any CPU.ActiveCfg = Release|Any CPU
		{3E2D76EA-5BB2-4EB6-8E00-F4BFED11A139}.Release|Any CPU.Build.0 = Release|Any CPU
		{68A89E7A-B73F-4245-AA35-0B06FE4AE8D9}.Debug|Any CPU.ActiveCfg = Debug|Any CPU
		{68A89E7A-B73F-4245-AA35-0B06FE4AE8D9}.Debug|Any CPU.Build.0 = Debug|Any CPU
		{68A89E7A-B73F-4245-AA35-0B06FE4AE8D9}.Release|Any CPU.ActiveCfg = Release|Any CPU
		{68A89E7A-B73F-4245-AA35-0B06FE4AE8D9}.Release|Any CPU.Build.0 = Release|Any CPU
		{17C582EE-2744-4CD8-AED9-98C62D8C3592}.Debug|Any CPU.ActiveCfg = Debug|Any CPU
		{17C582EE-2744-4CD8-AED9-98C62D8C3592}.Debug|Any CPU.Build.0 = Debug|Any CPU
		{17C582EE-2744-4CD8-AED9-98C62D8C3592}.Release|Any CPU.ActiveCfg = Release|Any CPU
		{17C582EE-2744-4CD8-AED9-98C62D8C3592}.Release|Any CPU.Build.0 = Release|Any CPU
		{6EB7B7ED-A56A-44DE-8EF9-40509264B434}.Debug|Any CPU.ActiveCfg = Debug|Any CPU
		{6EB7B7ED-A56A-44DE-8EF9-40509264B434}.Debug|Any CPU.Build.0 = Debug|Any CPU
		{6EB7B7ED-A56A-44DE-8EF9-40509264B434}.Release|Any CPU.ActiveCfg = Release|Any CPU
		{6EB7B7ED-A56A-44DE-8EF9-40509264B434}.Release|Any CPU.Build.0 = Release|Any CPU
		{F46DF5D9-B7DF-4C17-B768-28DF4046855A}.Debug|Any CPU.ActiveCfg = Debug|Any CPU
		{F46DF5D9-B7DF-4C17-B768-28DF4046855A}.Debug|Any CPU.Build.0 = Debug|Any CPU
		{F46DF5D9-B7DF-4C17-B768-28DF4046855A}.Release|Any CPU.ActiveCfg = Release|Any CPU
		{F46DF5D9-B7DF-4C17-B768-28DF4046855A}.Release|Any CPU.Build.0 = Release|Any CPU
		{1B5D0C31-D303-40B3-856F-14EA1EA89AEA}.Debug|Any CPU.ActiveCfg = Debug|Any CPU
		{1B5D0C31-D303-40B3-856F-14EA1EA89AEA}.Debug|Any CPU.Build.0 = Debug|Any CPU
		{1B5D0C31-D303-40B3-856F-14EA1EA89AEA}.Release|Any CPU.ActiveCfg = Release|Any CPU
		{1B5D0C31-D303-40B3-856F-14EA1EA89AEA}.Release|Any CPU.Build.0 = Release|Any CPU
		{A3A021E5-33EF-4089-9F69-A712BDCF36A7}.Debug|Any CPU.ActiveCfg = Debug|Any CPU
		{A3A021E5-33EF-4089-9F69-A712BDCF36A7}.Debug|Any CPU.Build.0 = Debug|Any CPU
		{A3A021E5-33EF-4089-9F69-A712BDCF36A7}.Release|Any CPU.ActiveCfg = Release|Any CPU
		{A3A021E5-33EF-4089-9F69-A712BDCF36A7}.Release|Any CPU.Build.0 = Release|Any CPU
		{545E3FB8-9EF8-431B-A325-BF4806A479AC}.Debug|Any CPU.ActiveCfg = Debug|Any CPU
		{545E3FB8-9EF8-431B-A325-BF4806A479AC}.Debug|Any CPU.Build.0 = Debug|Any CPU
		{545E3FB8-9EF8-431B-A325-BF4806A479AC}.Release|Any CPU.ActiveCfg = Release|Any CPU
		{545E3FB8-9EF8-431B-A325-BF4806A479AC}.Release|Any CPU.Build.0 = Release|Any CPU
		{98C621E5-12B2-407C-8C32-A09923EA1677}.Debug|Any CPU.ActiveCfg = Debug|Any CPU
		{98C621E5-12B2-407C-8C32-A09923EA1677}.Debug|Any CPU.Build.0 = Debug|Any CPU
		{98C621E5-12B2-407C-8C32-A09923EA1677}.Release|Any CPU.ActiveCfg = Release|Any CPU
		{98C621E5-12B2-407C-8C32-A09923EA1677}.Release|Any CPU.Build.0 = Release|Any CPU
	EndGlobalSection
	GlobalSection(SolutionProperties) = preSolution
		HideSolutionNode = FALSE
	EndGlobalSection
	GlobalSection(NestedProjects) = preSolution
		{02EA681E-C7D8-13C7-8484-4AC65E1B71E8} = {421FC96F-7CCC-4AC2-BA7A-AF04AC735FF5}
		{A7E8652D-5871-482F-B1FA-98F262D57CC2} = {421FC96F-7CCC-4AC2-BA7A-AF04AC735FF5}
		{849EFA24-E4B7-4F6F-ADEF-E24F30CA06CF} = {421FC96F-7CCC-4AC2-BA7A-AF04AC735FF5}
		{055BFB8C-CC17-4E12-8C97-0D0AD7603F58} = {421FC96F-7CCC-4AC2-BA7A-AF04AC735FF5}
		{E3D03199-25F3-C8D1-4AA4-AD546D6583EA} = {A7E8652D-5871-482F-B1FA-98F262D57CC2}
		{A20F48FB-6EBE-529B-7D83-91449C5AABF8} = {A7E8652D-5871-482F-B1FA-98F262D57CC2}
		{BB7BA08A-8FB5-6628-7FDC-52C064744EB5} = {02EA681E-C7D8-13C7-8484-4AC65E1B71E8}
		{DD655EF8-0263-4F17-86ED-E1F54AE8C0FE} = {849EFA24-E4B7-4F6F-ADEF-E24F30CA06CF}
		{82264F7F-9977-4F67-AC14-44AE064AE89B} = {E861AF9C-8A36-4188-B1EA-EF43445C8712}
		{6A712BDA-24D4-4CFF-8C15-8D4B08A9F7EB} = {849EFA24-E4B7-4F6F-ADEF-E24F30CA06CF}
		{557F215C-259C-4AF0-A8E3-3EAE3B3BC751} = {02EA681E-C7D8-13C7-8484-4AC65E1B71E8}
		{23B8FB21-CAF5-4618-B43C-5BB4A3539FD5} = {055BFB8C-CC17-4E12-8C97-0D0AD7603F58}
		{99634C81-7A5D-40A6-8A2F-DAE615E76705} = {A7E8652D-5871-482F-B1FA-98F262D57CC2}
		{EF7AFB83-AC49-400F-B967-8A363109A0D4} = {A0786A37-41C5-4908-A640-70F7CE76BD5B}
		{09C86BA9-3683-4A89-AAB0-F91679759E09} = {A0786A37-41C5-4908-A640-70F7CE76BD5B}
		{9F63C007-1433-43D7-8995-602BE6681EDC} = {A0786A37-41C5-4908-A640-70F7CE76BD5B}
		{5D6AABA7-12D4-4528-82D8-892A99C90D37} = {A0786A37-41C5-4908-A640-70F7CE76BD5B}
		{BB96D250-FC1D-45E4-AE0C-5BEAE7BF4BFA} = {DCA12E25-68D8-46A1-8ACB-57B83908BEDA}
		{1884E111-EF37-4680-A52B-6DEF3E4778C6} = {DCA12E25-68D8-46A1-8ACB-57B83908BEDA}
		{2C46A650-19DC-4A46-BC3C-93F6494918AB} = {DCA12E25-68D8-46A1-8ACB-57B83908BEDA}
		{45725363-90B8-4BF1-BA8C-AFE07244401E} = {545E6599-BDE5-4A98-BC1A-B79082801F33}
		{FF83E17C-0E33-4099-88D3-D42226F044C8} = {545E6599-BDE5-4A98-BC1A-B79082801F33}
		{022DDEAD-E665-4644-9965-CFAE467C397E} = {545E6599-BDE5-4A98-BC1A-B79082801F33}
		{C5CFFB51-0D8A-AA00-6CCB-97B82D5072BE} = {BB96D250-FC1D-45E4-AE0C-5BEAE7BF4BFA}
		{9415676C-94EF-4D2D-BDD1-BAC9D117094F} = {45725363-90B8-4BF1-BA8C-AFE07244401E}
		{EB7AF607-84D2-4F38-8EE1-3A8E45BDD2C0} = {1884E111-EF37-4680-A52B-6DEF3E4778C6}
		{516F8A12-F875-4EF4-9354-588DFF1C5D2F} = {A7E8652D-5871-482F-B1FA-98F262D57CC2}
		{0456BF04-C9DF-47B9-A6DD-C600313154CF} = {FF83E17C-0E33-4099-88D3-D42226F044C8}
		{F12C5419-0C52-4F3C-882F-6A1178346BAE} = {FF83E17C-0E33-4099-88D3-D42226F044C8}
		{1510DE7E-9613-4ACE-8D01-5CF85AF5E429} = {1884E111-EF37-4680-A52B-6DEF3E4778C6}
		{1E07642A-9B81-499F-A1B6-B35F5902B685} = {1884E111-EF37-4680-A52B-6DEF3E4778C6}
		{1AB08FC0-3037-4CF4-AFA9-8ED874B0614A} = {FF83E17C-0E33-4099-88D3-D42226F044C8}
		{2FFE1FCB-C6D8-4620-B6A1-6063C789E78E} = {BB96D250-FC1D-45E4-AE0C-5BEAE7BF4BFA}
		{3E2D76EA-5BB2-4EB6-8E00-F4BFED11A139} = {022DDEAD-E665-4644-9965-CFAE467C397E}
		{68A89E7A-B73F-4245-AA35-0B06FE4AE8D9} = {2C46A650-19DC-4A46-BC3C-93F6494918AB}
		{17C582EE-2744-4CD8-AED9-98C62D8C3592} = {2C46A650-19DC-4A46-BC3C-93F6494918AB}
		{6EB7B7ED-A56A-44DE-8EF9-40509264B434} = {022DDEAD-E665-4644-9965-CFAE467C397E}
		{F46DF5D9-B7DF-4C17-B768-28DF4046855A} = {45725363-90B8-4BF1-BA8C-AFE07244401E}
		{1B5D0C31-D303-40B3-856F-14EA1EA89AEA} = {2C46A650-19DC-4A46-BC3C-93F6494918AB}
		{21685F1A-2F96-420B-A206-A93422DF7D18} = {DCA12E25-68D8-46A1-8ACB-57B83908BEDA}
		{A3A021E5-33EF-4089-9F69-A712BDCF36A7} = {21685F1A-2F96-420B-A206-A93422DF7D18}
		{981E227B-60A8-4A7B-984F-95F581E6C44B} = {545E6599-BDE5-4A98-BC1A-B79082801F33}
		{545E3FB8-9EF8-431B-A325-BF4806A479AC} = {981E227B-60A8-4A7B-984F-95F581E6C44B}
		{E861AF9C-8A36-4188-B1EA-EF43445C8712} = {18C0CA42-77B1-4811-8524-1D5D5092668D}
		{98C621E5-12B2-407C-8C32-A09923EA1677} = {21685F1A-2F96-420B-A206-A93422DF7D18}
	EndGlobalSection
	GlobalSection(ExtensibilityGlobals) = postSolution
		SolutionGuid = {B86AB3AF-0895-4FEF-8444-14F657F6FC4C}
	EndGlobalSection
EndGlobal
